
Microsoft Visual Studio Solution File, Format Version 12.00
# Visual Studio Version 17
VisualStudioVersion = 17.4.33213.308
MinimumVisualStudioVersion = 10.0.40219.1
Project("{FAE04EC0-301F-11D3-BF4B-00C04F79EFBC}") = "mvvm_library", "mvvm_library\mvvm_library.csproj", "{6B47B75E-B8CD-4466-94F5-557E3F2D0009}"
EndProject
Global
	GlobalSection(SolutionConfigurationPlatforms) = preSolution
		Debug|Any CPU = Debug|Any CPU
		Release|Any CPU = Release|Any CPU
	EndGlobalSection
	GlobalSection(ProjectConfigurationPlatforms) = postSolution
		{6B47B75E-B8CD-4466-94F5-557E3F2D0009}.Debug|Any CPU.ActiveCfg = Debug|Any CPU
		{6B47B75E-B8CD-4466-94F5-557E3F2D0009}.Debug|Any CPU.Build.0 = Debug|Any CPU
		{6B47B75E-B8CD-4466-94F5-557E3F2D0009}.Release|Any CPU.ActiveCfg = Release|Any CPU
		{6B47B75E-B8CD-4466-94F5-557E3F2D0009}.Release|Any CPU.Build.0 = Release|Any CPU
	EndGlobalSection
	GlobalSection(SolutionProperties) = preSolution
		HideSolutionNode = FALSE
	EndGlobalSection
	GlobalSection(ExtensibilityGlobals) = postSolution
		SolutionGuid = {4373F633-960D-474A-BA2D-0D56C3E7069C}
	EndGlobalSection
EndGlobal
